// !$*UTF8*$!
{
	archiveVersion = 1;
	classes = {
	};
	objectVersion = 56;
	objects = {

/* Begin PBXBuildFile section */
		830D70632C08D5DD00CDC90B /* LCS_paper_houseApp.swift in Sources */ = {isa = PBXBuildFile; fileRef = 830D70622C08D5DD00CDC90B /* LCS_paper_houseApp.swift */; };
		830D70652C08D5DD00CDC90B /* ContentView.swift in Sources */ = {isa = PBXBuildFile; fileRef = 830D70642C08D5DD00CDC90B /* ContentView.swift */; };
		830D70672C08D5DF00CDC90B /* Assets.xcassets in Resources */ = {isa = PBXBuildFile; fileRef = 830D70662C08D5DF00CDC90B /* Assets.xcassets */; };
		830D706A2C08D5DF00CDC90B /* Preview Assets.xcassets in Resources */ = {isa = PBXBuildFile; fileRef = 830D70692C08D5DF00CDC90B /* Preview Assets.xcassets */; };
		830D70742C08D5DF00CDC90B /* LCS_paper_houseTests.swift in Sources */ = {isa = PBXBuildFile; fileRef = 830D70732C08D5DF00CDC90B /* LCS_paper_houseTests.swift */; };
		830D707E2C08D5DF00CDC90B /* LCS_paper_houseUITests.swift in Sources */ = {isa = PBXBuildFile; fileRef = 830D707D2C08D5DF00CDC90B /* LCS_paper_houseUITests.swift */; };
		830D70802C08D5DF00CDC90B /* LCS_paper_houseUITestsLaunchTests.swift in Sources */ = {isa = PBXBuildFile; fileRef = 830D707F2C08D5DF00CDC90B /* LCS_paper_houseUITestsLaunchTests.swift */; };
/* End PBXBuildFile section */

/* Begin PBXContainerItemProxy section */
		830D70702C08D5DF00CDC90B /* PBXContainerItemProxy */ = {
			isa = PBXContainerItemProxy;
			containerPortal = 830D70572C08D5DD00CDC90B /* Project object */;
			proxyType = 1;
			remoteGlobalIDString = 830D705E2C08D5DD00CDC90B;
			remoteInfo = "LCS paper house";
		};
		830D707A2C08D5DF00CDC90B /* PBXContainerItemProxy */ = {
			isa = PBXContainerItemProxy;
			containerPortal = 830D70572C08D5DD00CDC90B /* Project object */;
			proxyType = 1;
			remoteGlobalIDString = 830D705E2C08D5DD00CDC90B;
			remoteInfo = "LCS paper house";
		};
/* End PBXContainerItemProxy section */

/* Begin PBXFileReference section */
		830D705F2C08D5DD00CDC90B /* LCS paper house.app */ = {isa = PBXFileReference; explicitFileType = wrapper.application; includeInIndex = 0; path = "LCS paper house.app"; sourceTree = BUILT_PRODUCTS_DIR; };
		830D70622C08D5DD00CDC90B /* LCS_paper_houseApp.swift */ = {isa = PBXFileReference; lastKnownFileType = sourcecode.swift; path = LCS_paper_houseApp.swift; sourceTree = "<group>"; };
		830D70642C08D5DD00CDC90B /* ContentView.swift */ = {isa = PBXFileReference; lastKnownFileType = sourcecode.swift; path = ContentView.swift; sourceTree = "<group>"; };
		830D70662C08D5DF00CDC90B /* Assets.xcassets */ = {isa = PBXFileReference; lastKnownFileType = folder.assetcatalog; path = Assets.xcassets; sourceTree = "<group>"; };
		830D70692C08D5DF00CDC90B /* Preview Assets.xcassets */ = {isa = PBXFileReference; lastKnownFileType = folder.assetcatalog; path = "Preview Assets.xcassets"; sourceTree = "<group>"; };
		830D706F2C08D5DF00CDC90B /* LCS paper houseTests.xctest */ = {isa = PBXFileReference; explicitFileType = wrapper.cfbundle; includeInIndex = 0; path = "LCS paper houseTests.xctest"; sourceTree = BUILT_PRODUCTS_DIR; };
		830D70732C08D5DF00CDC90B /* LCS_paper_houseTests.swift */ = {isa = PBXFileReference; lastKnownFileType = sourcecode.swift; path = LCS_paper_houseTests.swift; sourceTree = "<group>"; };
		830D70792C08D5DF00CDC90B /* LCS paper houseUITests.xctest */ = {isa = PBXFileReference; explicitFileType = wrapper.cfbundle; includeInIndex = 0; path = "LCS paper houseUITests.xctest"; sourceTree = BUILT_PRODUCTS_DIR; };
		830D707D2C08D5DF00CDC90B /* LCS_paper_houseUITests.swift */ = {isa = PBXFileReference; lastKnownFileType = sourcecode.swift; path = LCS_paper_houseUITests.swift; sourceTree = "<group>"; };
		830D707F2C08D5DF00CDC90B /* LCS_paper_houseUITestsLaunchTests.swift */ = {isa = PBXFileReference; lastKnownFileType = sourcecode.swift; path = LCS_paper_houseUITestsLaunchTests.swift; sourceTree = "<group>"; };
/* End PBXFileReference section */

/* Begin PBXFrameworksBuildPhase section */
		830D705C2C08D5DD00CDC90B /* Frameworks */ = {
			isa = PBXFrameworksBuildPhase;
			buildActionMask = 2147483647;
			files = (
			);
			runOnlyForDeploymentPostprocessing = 0;
		};
		830D706C2C08D5DF00CDC90B /* Frameworks */ = {
			isa = PBXFrameworksBuildPhase;
			buildActionMask = 2147483647;
			files = (
			);
			runOnlyForDeploymentPostprocessing = 0;
		};
		830D70762C08D5DF00CDC90B /* Frameworks */ = {
			isa = PBXFrameworksBuildPhase;
			buildActionMask = 2147483647;
			files = (
			);
			runOnlyForDeploymentPostprocessing = 0;
		};
/* End PBXFrameworksBuildPhase section */

/* Begin PBXGroup section */
		830D70562C08D5DD00CDC90B = {
			isa = PBXGroup;
			children = (
				830D70612C08D5DD00CDC90B /* LCS paper house */,
				830D70722C08D5DF00CDC90B /* LCS paper houseTests */,
				830D707C2C08D5DF00CDC90B /* LCS paper houseUITests */,
				830D70602C08D5DD00CDC90B /* Products */,
			);
			sourceTree = "<group>";
		};
		830D70602C08D5DD00CDC90B /* Products */ = {
			isa = PBXGroup;
			children = (
				830D705F2C08D5DD00CDC90B /* LCS paper house.app */,
				830D706F2C08D5DF00CDC90B /* LCS paper houseTests.xctest */,
				830D70792C08D5DF00CDC90B /* LCS paper houseUITests.xctest */,
			);
			name = Products;
			sourceTree = "<group>";
		};
		830D70612C08D5DD00CDC90B /* LCS paper house */ = {
			isa = PBXGroup;
			children = (
				830D70622C08D5DD00CDC90B /* LCS_paper_houseApp.swift */,
				830D70642C08D5DD00CDC90B /* ContentView.swift */,
				830D70662C08D5DF00CDC90B /* Assets.xcassets */,
				830D70682C08D5DF00CDC90B /* Preview Content */,
			);
			path = "LCS paper house";
			sourceTree = "<group>";
		};
		830D70682C08D5DF00CDC90B /* Preview Content */ = {
			isa = PBXGroup;
			children = (
				830D70692C08D5DF00CDC90B /* Preview Assets.xcassets */,
			);
			path = "Preview Content";
			sourceTree = "<group>";
		};
		830D70722C08D5DF00CDC90B /* LCS paper houseTests */ = {
			isa = PBXGroup;
			children = (
				830D70732C08D5DF00CDC90B /* LCS_paper_houseTests.swift */,
			);
			path = "LCS paper houseTests";
			sourceTree = "<group>";
		};
		830D707C2C08D5DF00CDC90B /* LCS paper houseUITests */ = {
			isa = PBXGroup;
			children = (
				830D707D2C08D5DF00CDC90B /* LCS_paper_houseUITests.swift */,
				830D707F2C08D5DF00CDC90B /* LCS_paper_houseUITestsLaunchTests.swift */,
			);
			path = "LCS paper houseUITests";
			sourceTree = "<group>";
		};
/* End PBXGroup section */

/* Begin PBXNativeTarget section */
		830D705E2C08D5DD00CDC90B /* LCS paper house */ = {
			isa = PBXNativeTarget;
			buildConfigurationList = 830D70832C08D5DF00CDC90B /* Build configuration list for PBXNativeTarget "LCS paper house" */;
			buildPhases = (
				830D705B2C08D5DD00CDC90B /* Sources */,
				830D705C2C08D5DD00CDC90B /* Frameworks */,
				830D705D2C08D5DD00CDC90B /* Resources */,
			);
			buildRules = (
			);
			dependencies = (
			);
			name = "LCS paper house";
			productName = "LCS paper house";
			productReference = 830D705F2C08D5DD00CDC90B /* LCS paper house.app */;
			productType = "com.apple.product-type.application";
		};
		830D706E2C08D5DF00CDC90B /* LCS paper houseTests */ = {
			isa = PBXNativeTarget;
			buildConfigurationList = 830D70862C08D5DF00CDC90B /* Build configuration list for PBXNativeTarget "LCS paper houseTests" */;
			buildPhases = (
				830D706B2C08D5DF00CDC90B /* Sources */,
				830D706C2C08D5DF00CDC90B /* Frameworks */,
				830D706D2C08D5DF00CDC90B /* Resources */,
			);
			buildRules = (
			);
			dependencies = (
				830D70712C08D5DF00CDC90B /* PBXTargetDependency */,
			);
			name = "LCS paper houseTests";
			productName = "LCS paper houseTests";
			productReference = 830D706F2C08D5DF00CDC90B /* LCS paper houseTests.xctest */;
			productType = "com.apple.product-type.bundle.unit-test";
		};
		830D70782C08D5DF00CDC90B /* LCS paper houseUITests */ = {
			isa = PBXNativeTarget;
			buildConfigurationList = 830D70892C08D5DF00CDC90B /* Build configuration list for PBXNativeTarget "LCS paper houseUITests" */;
			buildPhases = (
				830D70752C08D5DF00CDC90B /* Sources */,
				830D70762C08D5DF00CDC90B /* Frameworks */,
				830D70772C08D5DF00CDC90B /* Resources */,
			);
			buildRules = (
			);
			dependencies = (
				830D707B2C08D5DF00CDC90B /* PBXTargetDependency */,
			);
			name = "LCS paper houseUITests";
			productName = "LCS paper houseUITests";
			productReference = 830D70792C08D5DF00CDC90B /* LCS paper houseUITests.xctest */;
			productType = "com.apple.product-type.bundle.ui-testing";
		};
/* End PBXNativeTarget section */

/* Begin PBXProject section */
		830D70572C08D5DD00CDC90B /* Project object */ = {
			isa = PBXProject;
			attributes = {
				BuildIndependentTargetsInParallel = 1;
				LastSwiftUpdateCheck = 1500;
				LastUpgradeCheck = 1500;
				TargetAttributes = {
					830D705E2C08D5DD00CDC90B = {
						CreatedOnToolsVersion = 15.0;
					};
					830D706E2C08D5DF00CDC90B = {
						CreatedOnToolsVersion = 15.0;
						TestTargetID = 830D705E2C08D5DD00CDC90B;
					};
					830D70782C08D5DF00CDC90B = {
						CreatedOnToolsVersion = 15.0;
						TestTargetID = 830D705E2C08D5DD00CDC90B;
					};
				};
			};
			buildConfigurationList = 830D705A2C08D5DD00CDC90B /* Build configuration list for PBXProject "LCS paper house" */;
			compatibilityVersion = "Xcode 14.0";
			developmentRegion = en;
			hasScannedForEncodings = 0;
			knownRegions = (
				en,
				Base,
			);
			mainGroup = 830D70562C08D5DD00CDC90B;
			productRefGroup = 830D70602C08D5DD00CDC90B /* Products */;
			projectDirPath = "";
			projectRoot = "";
			targets = (
				830D705E2C08D5DD00CDC90B /* LCS paper house */,
				830D706E2C08D5DF00CDC90B /* LCS paper houseTests */,
				830D70782C08D5DF00CDC90B /* LCS paper houseUITests */,
			);
		};
/* End PBXProject section */

/* Begin PBXResourcesBuildPhase section */
		830D705D2C08D5DD00CDC90B /* Resources */ = {
			isa = PBXResourcesBuildPhase;
			buildActionMask = 2147483647;
			files = (
				830D706A2C08D5DF00CDC90B /* Preview Assets.xcassets in Resources */,
				830D70672C08D5DF00CDC90B /* Assets.xcassets in Resources */,
			);
			runOnlyForDeploymentPostprocessing = 0;
		};
		830D706D2C08D5DF00CDC90B /* Resources */ = {
			isa = PBXResourcesBuildPhase;
			buildActionMask = 2147483647;
			files = (
			);
			runOnlyForDeploymentPostprocessing = 0;
		};
		830D70772C08D5DF00CDC90B /* Resources */ = {
			isa = PBXResourcesBuildPhase;
			buildActionMask = 2147483647;
			files = (
			);
			runOnlyForDeploymentPostprocessing = 0;
		};
/* End PBXResourcesBuildPhase section */

/* Begin PBXSourcesBuildPhase section */
		830D705B2C08D5DD00CDC90B /* Sources */ = {
			isa = PBXSourcesBuildPhase;
			buildActionMask = 2147483647;
			files = (
				830D70652C08D5DD00CDC90B /* ContentView.swift in Sources */,
				830D70632C08D5DD00CDC90B /* LCS_paper_houseApp.swift in Sources */,
			);
			runOnlyForDeploymentPostprocessing = 0;
		};
		830D706B2C08D5DF00CDC90B /* Sources */ = {
			isa = PBXSourcesBuildPhase;
			buildActionMask = 2147483647;
			files = (
				830D70742C08D5DF00CDC90B /* LCS_paper_houseTests.swift in Sources */,
			);
			runOnlyForDeploymentPostprocessing = 0;
		};
		830D70752C08D5DF00CDC90B /* Sources */ = {
			isa = PBXSourcesBuildPhase;
			buildActionMask = 2147483647;
			files = (
				830D707E2C08D5DF00CDC90B /* LCS_paper_houseUITests.swift in Sources */,
				830D70802C08D5DF00CDC90B /* LCS_paper_houseUITestsLaunchTests.swift in Sources */,
			);
			runOnlyForDeploymentPostprocessing = 0;
		};
/* End PBXSourcesBuildPhase section */

/* Begin PBXTargetDependency section */
		830D70712C08D5DF00CDC90B /* PBXTargetDependency */ = {
			isa = PBXTargetDependency;
			target = 830D705E2C08D5DD00CDC90B /* LCS paper house */;
			targetProxy = 830D70702C08D5DF00CDC90B /* PBXContainerItemProxy */;
		};
		830D707B2C08D5DF00CDC90B /* PBXTargetDependency */ = {
			isa = PBXTargetDependency;
			target = 830D705E2C08D5DD00CDC90B /* LCS paper house */;
			targetProxy = 830D707A2C08D5DF00CDC90B /* PBXContainerItemProxy */;
		};
/* End PBXTargetDependency section */

/* Begin XCBuildConfiguration section */
		830D70812C08D5DF00CDC90B /* Debug */ = {
			isa = XCBuildConfiguration;
			buildSettings = {
				ALWAYS_SEARCH_USER_PATHS = NO;
				ASSETCATALOG_COMPILER_GENERATE_SWIFT_ASSET_SYMBOL_EXTENSIONS = YES;
				CLANG_ANALYZER_NONNULL = YES;
				CLANG_ANALYZER_NUMBER_OBJECT_CONVERSION = YES_AGGRESSIVE;
				CLANG_CXX_LANGUAGE_STANDARD = "gnu++20";
				CLANG_ENABLE_MODULES = YES;
				CLANG_ENABLE_OBJC_ARC = YES;
				CLANG_ENABLE_OBJC_WEAK = YES;
				CLANG_WARN_BLOCK_CAPTURE_AUTORELEASING = YES;
				CLANG_WARN_BOOL_CONVERSION = YES;
				CLANG_WARN_COMMA = YES;
				CLANG_WARN_CONSTANT_CONVERSION = YES;
				CLANG_WARN_DEPRECATED_OBJC_IMPLEMENTATIONS = YES;
				CLANG_WARN_DIRECT_OBJC_ISA_USAGE = YES_ERROR;
				CLANG_WARN_DOCUMENTATION_COMMENTS = YES;
				CLANG_WARN_EMPTY_BODY = YES;
				CLANG_WARN_ENUM_CONVERSION = YES;
				CLANG_WARN_INFINITE_RECURSION = YES;
				CLANG_WARN_INT_CONVERSION = YES;
				CLANG_WARN_NON_LITERAL_NULL_CONVERSION = YES;
				CLANG_WARN_OBJC_IMPLICIT_RETAIN_SELF = YES;
				CLANG_WARN_OBJC_LITERAL_CONVERSION = YES;
				CLANG_WARN_OBJC_ROOT_CLASS = YES_ERROR;
				CLANG_WARN_QUOTED_INCLUDE_IN_FRAMEWORK_HEADER = YES;
				CLANG_WARN_RANGE_LOOP_ANALYSIS = YES;
				CLANG_WARN_STRICT_PROTOTYPES = YES;
				CLANG_WARN_SUSPICIOUS_MOVE = YES;
				CLANG_WARN_UNGUARDED_AVAILABILITY = YES_AGGRESSIVE;
				CLANG_WARN_UNREACHABLE_CODE = YES;
				CLANG_WARN__DUPLICATE_METHOD_MATCH = YES;
				COPY_PHASE_STRIP = NO;
				DEBUG_INFORMATION_FORMAT = dwarf;
				ENABLE_STRICT_OBJC_MSGSEND = YES;
				ENABLE_TESTABILITY = YES;
				ENABLE_USER_SCRIPT_SANDBOXING = YES;
				GCC_C_LANGUAGE_STANDARD = gnu17;
				GCC_DYNAMIC_NO_PIC = NO;
				GCC_NO_COMMON_BLOCKS = YES;
				GCC_OPTIMIZATION_LEVEL = 0;
				GCC_PREPROCESSOR_DEFINITIONS = (
					"DEBUG=1",
					"$(inherited)",
				);
				GCC_WARN_64_TO_32_BIT_CONVERSION = YES;
				GCC_WARN_ABOUT_RETURN_TYPE = YES_ERROR;
				GCC_WARN_UNDECLARED_SELECTOR = YES;
				GCC_WARN_UNINITIALIZED_AUTOS = YES_AGGRESSIVE;
				GCC_WARN_UNUSED_FUNCTION = YES;
				GCC_WARN_UNUSED_VARIABLE = YES;
				IPHONEOS_DEPLOYMENT_TARGET = 17.0;
				LOCALIZATION_PREFERS_STRING_CATALOGS = YES;
				MTL_ENABLE_DEBUG_INFO = INCLUDE_SOURCE;
				MTL_FAST_MATH = YES;
				ONLY_ACTIVE_ARCH = YES;
				SDKROOT = iphoneos;
				SWIFT_ACTIVE_COMPILATION_CONDITIONS = "DEBUG $(inherited)";
				SWIFT_OPTIMIZATION_LEVEL = "-Onone";
			};
			name = Debug;
		};
		830D70822C08D5DF00CDC90B /* Release */ = {
			isa = XCBuildConfiguration;
			buildSettings = {
				ALWAYS_SEARCH_USER_PATHS = NO;
				ASSETCATALOG_COMPILER_GENERATE_SWIFT_ASSET_SYMBOL_EXTENSIONS = YES;
				CLANG_ANALYZER_NONNULL = YES;
				CLANG_ANALYZER_NUMBER_OBJECT_CONVERSION = YES_AGGRESSIVE;
				CLANG_CXX_LANGUAGE_STANDARD = "gnu++20";
				CLANG_ENABLE_MODULES = YES;
				CLANG_ENABLE_OBJC_ARC = YES;
				CLANG_ENABLE_OBJC_WEAK = YES;
				CLANG_WARN_BLOCK_CAPTURE_AUTORELEASING = YES;
				CLANG_WARN_BOOL_CONVERSION = YES;
				CLANG_WARN_COMMA = YES;
				CLANG_WARN_CONSTANT_CONVERSION = YES;
				CLANG_WARN_DEPRECATED_OBJC_IMPLEMENTATIONS = YES;
				CLANG_WARN_DIRECT_OBJC_ISA_USAGE = YES_ERROR;
				CLANG_WARN_DOCUMENTATION_COMMENTS = YES;
				CLANG_WARN_EMPTY_BODY = YES;
				CLANG_WARN_ENUM_CONVERSION = YES;
				CLANG_WARN_INFINITE_RECURSION = YES;
				CLANG_WARN_INT_CONVERSION = YES;
				CLANG_WARN_NON_LITERAL_NULL_CONVERSION = YES;
				CLANG_WARN_OBJC_IMPLICIT_RETAIN_SELF = YES;
				CLANG_WARN_OBJC_LITERAL_CONVERSION = YES;
				CLANG_WARN_OBJC_ROOT_CLASS = YES_ERROR;
				CLANG_WARN_QUOTED_INCLUDE_IN_FRAMEWORK_HEADER = YES;
				CLANG_WARN_RANGE_LOOP_ANALYSIS = YES;
				CLANG_WARN_STRICT_PROTOTYPES = YES;
				CLANG_WARN_SUSPICIOUS_MOVE = YES;
				CLANG_WARN_UNGUARDED_AVAILABILITY = YES_AGGRESSIVE;
				CLANG_WARN_UNREACHABLE_CODE = YES;
				CLANG_WARN__DUPLICATE_METHOD_MATCH = YES;
				COPY_PHASE_STRIP = NO;
				DEBUG_INFORMATION_FORMAT = "dwarf-with-dsym";
				ENABLE_NS_ASSERTIONS = NO;
				ENABLE_STRICT_OBJC_MSGSEND = YES;
				ENABLE_USER_SCRIPT_SANDBOXING = YES;
				GCC_C_LANGUAGE_STANDARD = gnu17;
				GCC_NO_COMMON_BLOCKS = YES;
				GCC_WARN_64_TO_32_BIT_CONVERSION = YES;
				GCC_WARN_ABOUT_RETURN_TYPE = YES_ERROR;
				GCC_WARN_UNDECLARED_SELECTOR = YES;
				GCC_WARN_UNINITIALIZED_AUTOS = YES_AGGRESSIVE;
				GCC_WARN_UNUSED_FUNCTION = YES;
				GCC_WARN_UNUSED_VARIABLE = YES;
				IPHONEOS_DEPLOYMENT_TARGET = 17.0;
				LOCALIZATION_PREFERS_STRING_CATALOGS = YES;
				MTL_ENABLE_DEBUG_INFO = NO;
				MTL_FAST_MATH = YES;
				SDKROOT = iphoneos;
				SWIFT_COMPILATION_MODE = wholemodule;
				VALIDATE_PRODUCT = YES;
			};
			name = Release;
		};
		830D70842C08D5DF00CDC90B /* Debug */ = {
			isa = XCBuildConfiguration;
			buildSettings = {
				ASSETCATALOG_COMPILER_APPICON_NAME = AppIcon;
				ASSETCATALOG_COMPILER_GLOBAL_ACCENT_COLOR_NAME = AccentColor;
				CODE_SIGN_STYLE = Automatic;
				CURRENT_PROJECT_VERSION = 1;
				DEVELOPMENT_ASSET_PATHS = "\"LCS paper house/Preview Content\"";
				DEVELOPMENT_TEAM = 9H7DRZY698;
				ENABLE_PREVIEWS = YES;
				GENERATE_INFOPLIST_FILE = YES;
				INFOPLIST_KEY_UIApplicationSceneManifest_Generation = YES;
				INFOPLIST_KEY_UIApplicationSupportsIndirectInputEvents = YES;
				INFOPLIST_KEY_UILaunchScreen_Generation = YES;
				INFOPLIST_KEY_UISupportedInterfaceOrientations_iPad = "UIInterfaceOrientationPortrait UIInterfaceOrientationPortraitUpsideDown UIInterfaceOrientationLandscapeLeft UIInterfaceOrientationLandscapeRight";
				INFOPLIST_KEY_UISupportedInterfaceOrientations_iPhone = "UIInterfaceOrientationPortrait UIInterfaceOrientationLandscapeLeft UIInterfaceOrientationLandscapeRight";
				LD_RUNPATH_SEARCH_PATHS = (
					"$(inherited)",
					"@executable_path/Frameworks",
				);
				MARKETING_VERSION = 1.0;
				PRODUCT_BUNDLE_IDENTIFIER = "ca.dliu.LCS-paper-house";
				PRODUCT_NAME = "$(TARGET_NAME)";
				SWIFT_EMIT_LOC_STRINGS = YES;
				SWIFT_VERSION = 5.0;
				TARGETED_DEVICE_FAMILY = "1,2";
			};
			name = Debug;
		};
		830D70852C08D5DF00CDC90B /* Release */ = {
			isa = XCBuildConfiguration;
			buildSettings = {
				ASSETCATALOG_COMPILER_APPICON_NAME = AppIcon;
				ASSETCATALOG_COMPILER_GLOBAL_ACCENT_COLOR_NAME = AccentColor;
				CODE_SIGN_STYLE = Automatic;
				CURRENT_PROJECT_VERSION = 1;
				DEVELOPMENT_ASSET_PATHS = "\"LCS paper house/Preview Content\"";
				DEVELOPMENT_TEAM = 9H7DRZY698;
				ENABLE_PREVIEWS = YES;
				GENERATE_INFOPLIST_FILE = YES;
				INFOPLIST_KEY_UIApplicationSceneManifest_Generation = YES;
				INFOPLIST_KEY_UIApplicationSupportsIndirectInputEvents = YES;
				INFOPLIST_KEY_UILaunchScreen_Generation = YES;
				INFOPLIST_KEY_UISupportedInterfaceOrientations_iPad = "UIInterfaceOrientationPortrait UIInterfaceOrientationPortraitUpsideDown UIInterfaceOrientationLandscapeLeft UIInterfaceOrientationLandscapeRight";
				INFOPLIST_KEY_UISupportedInterfaceOrientations_iPhone = "UIInterfaceOrientationPortrait UIInterfaceOrientationLandscapeLeft UIInterfaceOrientationLandscapeRight";
				LD_RUNPATH_SEARCH_PATHS = (
					"$(inherited)",
					"@executable_path/Frameworks",
				);
				MARKETING_VERSION = 1.0;
				PRODUCT_BUNDLE_IDENTIFIER = "ca.dliu.LCS-paper-house";
				PRODUCT_NAME = "$(TARGET_NAME)";
				SWIFT_EMIT_LOC_STRINGS = YES;
				SWIFT_VERSION = 5.0;
				TARGETED_DEVICE_FAMILY = "1,2";
			};
			name = Release;
		};
		830D70872C08D5DF00CDC90B /* Debug */ = {
			isa = XCBuildConfiguration;
			buildSettings = {
				ALWAYS_EMBED_SWIFT_STANDARD_LIBRARIES = YES;
				BUNDLE_LOADER = "$(TEST_HOST)";
				CODE_SIGN_STYLE = Automatic;
				CURRENT_PROJECT_VERSION = 1;
				DEVELOPMENT_TEAM = 9H7DRZY698;
				GENERATE_INFOPLIST_FILE = YES;
				IPHONEOS_DEPLOYMENT_TARGET = 17.0;
				MARKETING_VERSION = 1.0;
				PRODUCT_BUNDLE_IDENTIFIER = "ca.dliu.LCS-paper-houseTests";
				PRODUCT_NAME = "$(TARGET_NAME)";
				SWIFT_EMIT_LOC_STRINGS = NO;
				SWIFT_VERSION = 5.0;
				TARGETED_DEVICE_FAMILY = "1,2";
				TEST_HOST = "$(BUILT_PRODUCTS_DIR)/LCS paper house.app/$(BUNDLE_EXECUTABLE_FOLDER_PATH)/LCS paper house";
			};
			name = Debug;
		};
		830D70882C08D5DF00CDC90B /* Release */ = {
			isa = XCBuildConfiguration;
			buildSettings = {
				ALWAYS_EMBED_SWIFT_STANDARD_LIBRARIES = YES;
				BUNDLE_LOADER = "$(TEST_HOST)";
				CODE_SIGN_STYLE = Automatic;
				CURRENT_PROJECT_VERSION = 1;
				DEVELOPMENT_TEAM = 9H7DRZY698;
				GENERATE_INFOPLIST_FILE = YES;
				IPHONEOS_DEPLOYMENT_TARGET = 17.0;
				MARKETING_VERSION = 1.0;
				PRODUCT_BUNDLE_IDENTIFIER = "ca.dliu.LCS-paper-houseTests";
				PRODUCT_NAME = "$(TARGET_NAME)";
				SWIFT_EMIT_LOC_STRINGS = NO;
				SWIFT_VERSION = 5.0;
				TARGETED_DEVICE_FAMILY = "1,2";
				TEST_HOST = "$(BUILT_PRODUCTS_DIR)/LCS paper house.app/$(BUNDLE_EXECUTABLE_FOLDER_PATH)/LCS paper house";
			};
			name = Release;
		};
		830D708A2C08D5DF00CDC90B /* Debug */ = {
			isa = XCBuildConfiguration;
			buildSettings = {
				ALWAYS_EMBED_SWIFT_STANDARD_LIBRARIES = YES;
				CODE_SIGN_STYLE = Automatic;
				CURRENT_PROJECT_VERSION = 1;
				DEVELOPMENT_TEAM = 9H7DRZY698;
				GENERATE_INFOPLIST_FILE = YES;
				MARKETING_VERSION = 1.0;
				PRODUCT_BUNDLE_IDENTIFIER = "ca.dliu.LCS-paper-houseUITests";
				PRODUCT_NAME = "$(TARGET_NAME)";
				SWIFT_EMIT_LOC_STRINGS = NO;
				SWIFT_VERSION = 5.0;
				TARGETED_DEVICE_FAMILY = "1,2";
				TEST_TARGET_NAME = "LCS paper house";
			};
			name = Debug;
		};
		830D708B2C08D5DF00CDC90B /* Release */ = {
			isa = XCBuildConfiguration;
			buildSettings = {
				ALWAYS_EMBED_SWIFT_STANDARD_LIBRARIES = YES;
				CODE_SIGN_STYLE = Automatic;
				CURRENT_PROJECT_VERSION = 1;
				DEVELOPMENT_TEAM = 9H7DRZY698;
				GENERATE_INFOPLIST_FILE = YES;
				MARKETING_VERSION = 1.0;
				PRODUCT_BUNDLE_IDENTIFIER = "ca.dliu.LCS-paper-houseUITests";
				PRODUCT_NAME = "$(TARGET_NAME)";
				SWIFT_EMIT_LOC_STRINGS = NO;
				SWIFT_VERSION = 5.0;
				TARGETED_DEVICE_FAMILY = "1,2";
				TEST_TARGET_NAME = "LCS paper house";
			};
			name = Release;
		};
/* End XCBuildConfiguration section */

/* Begin XCConfigurationList section */
		830D705A2C08D5DD00CDC90B /* Build configuration list for PBXProject "LCS paper house" */ = {
			isa = XCConfigurationList;
			buildConfigurations = (
				830D70812C08D5DF00CDC90B /* Debug */,
				830D70822C08D5DF00CDC90B /* Release */,
			);
			defaultConfigurationIsVisible = 0;
			defaultConfigurationName = Release;
		};
		830D70832C08D5DF00CDC90B /* Build configuration list for PBXNativeTarget "LCS paper house" */ = {
			isa = XCConfigurationList;
			buildConfigurations = (
				830D70842C08D5DF00CDC90B /* Debug */,
				830D70852C08D5DF00CDC90B /* Release */,
			);
			defaultConfigurationIsVisible = 0;
			defaultConfigurationName = Release;
		};
		830D70862C08D5DF00CDC90B /* Build configuration list for PBXNativeTarget "LCS paper houseTests" */ = {
			isa = XCConfigurationList;
			buildConfigurations = (
				830D70872C08D5DF00CDC90B /* Debug */,
				830D70882C08D5DF00CDC90B /* Release */,
			);
			defaultConfigurationIsVisible = 0;
			defaultConfigurationName = Release;
		};
		830D70892C08D5DF00CDC90B /* Build configuration list for PBXNativeTarget "LCS paper houseUITests" */ = {
			isa = XCConfigurationList;
			buildConfigurations = (
				830D708A2C08D5DF00CDC90B /* Debug */,
				830D708B2C08D5DF00CDC90B /* Release */,
			);
			defaultConfigurationIsVisible = 0;
			defaultConfigurationName = Release;
		};
/* End XCConfigurationList section */
	};
	rootObject = 830D70572C08D5DD00CDC90B /* Project object */;
}
